
Microsoft Visual Studio Solution File, Format Version 12.00
# Visual Studio Version 16
VisualStudioVersion = 16.0.29509.3
MinimumVisualStudioVersion = 10.0.40219.1
Project("{FAE04EC0-301F-11D3-BF4B-00C04F79EFBC}") = "WebApplication1", "WebApplication1.csproj", "{1337F3D6-BDA9-4637-8A15-0B90A71C2FF4}"
EndProject
Global
	GlobalSection(SolutionConfigurationPlatforms) = preSolution
		Debug|Any CPU = Debug|Any CPU
		Release|Any CPU = Release|Any CPU
	EndGlobalSection
	GlobalSection(ProjectConfigurationPlatforms) = postSolution
		{1337F3D6-BDA9-4637-8A15-0B90A71C2FF4}.Debug|Any CPU.ActiveCfg = Debug|Any CPU
		{1337F3D6-BDA9-4637-8A15-0B90A71C2FF4}.Debug|Any CPU.Build.0 = Debug|Any CPU
		{1337F3D6-BDA9-4637-8A15-0B90A71C2FF4}.Release|Any CPU.ActiveCfg = Release|Any CPU
		{1337F3D6-BDA9-4637-8A15-0B90A71C2FF4}.Release|Any CPU.Build.0 = Release|Any CPU
	EndGlobalSection
	GlobalSection(SolutionProperties) = preSolution
		HideSolutionNode = FALSE
	EndGlobalSection
	GlobalSection(ExtensibilityGlobals) = postSolution
		SolutionGuid = {5440CC67-E880-445C-92A3-6FC3C769B24F}
	EndGlobalSection
EndGlobal
